
Microsoft Visual Studio Solution File, Format Version 12.00
# Visual Studio Version 16
VisualStudioVersion = 16.0.29102.190
MinimumVisualStudioVersion = 10.0.40219.1
Project("{F184B08F-C81C-45F6-A57F-5ABD9991F28F}") = "LinQPrueba1", "LinQPrueba1\LinQPrueba1.vbproj", "{27B21FE2-73D8-4FAA-B6B4-7F09A049D335}"
EndProject
Global
	GlobalSection(SolutionConfigurationPlatforms) = preSolution
		Debug|Any CPU = Debug|Any CPU
		Release|Any CPU = Release|Any CPU
	EndGlobalSection
	GlobalSection(ProjectConfigurationPlatforms) = postSolution
		{27B21FE2-73D8-4FAA-B6B4-7F09A049D335}.Debug|Any CPU.ActiveCfg = Debug|Any CPU
		{27B21FE2-73D8-4FAA-B6B4-7F09A049D335}.Debug|Any CPU.Build.0 = Debug|Any CPU
		{27B21FE2-73D8-4FAA-B6B4-7F09A049D335}.Release|Any CPU.ActiveCfg = Release|Any CPU
		{27B21FE2-73D8-4FAA-B6B4-7F09A049D335}.Release|Any CPU.Build.0 = Release|Any CPU
	EndGlobalSection
	GlobalSection(SolutionProperties) = preSolution
		HideSolutionNode = FALSE
	EndGlobalSection
	GlobalSection(ExtensibilityGlobals) = postSolution
		SolutionGuid = {727482CB-7356-443A-AAFA-8B841E31925F}
	EndGlobalSection
EndGlobal
